<?xml version="1.0" encoding="UTF-8" standalone="yes" ?>
<CodeBlocks_project_file>
	<FileVersion major="1" minor="6" />
	<Project>
		<Option title="aufgabe4" />
		<Option pch_mode="2" />
		<Option compiler="gcc" />
		<Build>
			<Target title="Debug">
				<Option output="bin/Debug/aufgabe4" prefix_auto="1" extension_auto="1" />
				<Option object_output="obj/Debug/" />
				<Option type="1" />
				<Option compiler="gcc" />
				<Compiler>
					<Add option="-g" />
				</Compiler>
			</Target>
			<Target title="Release">
				<Option output="bin/Release/aufgabe4" prefix_auto="1" extension_auto="1" />
				<Option object_output="obj/Release/" />
				<Option type="1" />
				<Option compiler="gcc" />
				<Compiler>
					<Add option="-O2" />
				</Compiler>
				<Linker>
					<Add option="-s" />
				</Linker>
			</Target>
		</Build>
		<Compiler>
			<Add option="-Wall" />
			<Add option="-fexceptions" />
		</Compiler>
		<Unit filename="../Aufgabe3/TLibrary.h" />
		<Unit filename="../Aufgabe3/TLibraryPool.cpp" />
		<Unit filename="../Aufgabe3/TLibraryPool.h" />
		<Unit filename="../Aufgabe3/TLoan.cpp" />
		<Unit filename="../Aufgabe3/TLoan.h" />
		<Unit filename="../Aufgabe3/TMedium.cpp" />
		<Unit filename="../Aufgabe3/TMedium.h" />
		<Unit filename="../Aufgabe3/TPerson.cpp" />
		<Unit filename="../Aufgabe3/TPerson.h" />
		<Unit filename="../Aufgabe3/Tlibrary.cpp" />
		<Unit filename="../aufgabe1/tdate.cpp" />
		<Unit filename="../aufgabe1/tdate.h" />
		<Unit filename="../aufgabe2/taddress.cpp" />
		<Unit filename="../aufgabe2/taddress.h" />
		<Unit filename="../aufgabe2/tlocation.cpp" />
		<Unit filename="../aufgabe2/tlocation.h" />
		<Unit filename="main.cpp" />
		<Extensions>
			<code_completion />
			<envvars />
			<debugger />
			<lib_finder disable_auto="1" />
		</Extensions>
	</Project>
</CodeBlocks_project_file>
